
Microsoft Visual Studio Solution File, Format Version 12.00
# Visual Studio Version 16
VisualStudioVersion = 16.0.30114.105
MinimumVisualStudioVersion = 10.0.40219.1
Project("{FAE04EC0-301F-11D3-BF4B-00C04F79EFBC}") = "TimedAssignment.WebAPI", "TimedAssignment.WebAPI\TimedAssignment.WebAPI.csproj", "{E36A13CB-0F1F-4661-9246-FBE8F08A9AD6}"
EndProject
Project("{FAE04EC0-301F-11D3-BF4B-00C04F79EFBC}") = "TimedAssignment.Data", "TimedAssignment.Data\TimedAssignment.Data.csproj", "{379636AA-51AE-4548-BF73-1477D3B734EE}"
EndProject
Project("{FAE04EC0-301F-11D3-BF4B-00C04F79EFBC}") = "TimedAssignment.Models", "TimedAssignment.Models\TimedAssignment.Models.csproj", "{17E61EBD-7642-4C23-9298-0F7B8AD56F72}"
EndProject
Project("{FAE04EC0-301F-11D3-BF4B-00C04F79EFBC}") = "TimedAssignment.Services", "TimedAssignment.Services\TimedAssignment.Services.csproj", "{2CBD7892-E066-48FF-9831-9BC2477C5526}"
EndProject
Global
	GlobalSection(SolutionConfigurationPlatforms) = preSolution
		Debug|Any CPU = Debug|Any CPU
		Release|Any CPU = Release|Any CPU
	EndGlobalSection
	GlobalSection(SolutionProperties) = preSolution
		HideSolutionNode = FALSE
	EndGlobalSection
	GlobalSection(ProjectConfigurationPlatforms) = postSolution
		{E36A13CB-0F1F-4661-9246-FBE8F08A9AD6}.Debug|Any CPU.ActiveCfg = Debug|Any CPU
		{E36A13CB-0F1F-4661-9246-FBE8F08A9AD6}.Debug|Any CPU.Build.0 = Debug|Any CPU
		{E36A13CB-0F1F-4661-9246-FBE8F08A9AD6}.Release|Any CPU.ActiveCfg = Release|Any CPU
		{E36A13CB-0F1F-4661-9246-FBE8F08A9AD6}.Release|Any CPU.Build.0 = Release|Any CPU
		{379636AA-51AE-4548-BF73-1477D3B734EE}.Debug|Any CPU.ActiveCfg = Debug|Any CPU
		{379636AA-51AE-4548-BF73-1477D3B734EE}.Debug|Any CPU.Build.0 = Debug|Any CPU
		{379636AA-51AE-4548-BF73-1477D3B734EE}.Release|Any CPU.ActiveCfg = Release|Any CPU
		{379636AA-51AE-4548-BF73-1477D3B734EE}.Release|Any CPU.Build.0 = Release|Any CPU
		{17E61EBD-7642-4C23-9298-0F7B8AD56F72}.Debug|Any CPU.ActiveCfg = Debug|Any CPU
		{17E61EBD-7642-4C23-9298-0F7B8AD56F72}.Debug|Any CPU.Build.0 = Debug|Any CPU
		{17E61EBD-7642-4C23-9298-0F7B8AD56F72}.Release|Any CPU.ActiveCfg = Release|Any CPU
		{17E61EBD-7642-4C23-9298-0F7B8AD56F72}.Release|Any CPU.Build.0 = Release|Any CPU
		{2CBD7892-E066-48FF-9831-9BC2477C5526}.Debug|Any CPU.ActiveCfg = Debug|Any CPU
		{2CBD7892-E066-48FF-9831-9BC2477C5526}.Debug|Any CPU.Build.0 = Debug|Any CPU
		{2CBD7892-E066-48FF-9831-9BC2477C5526}.Release|Any CPU.ActiveCfg = Release|Any CPU
		{2CBD7892-E066-48FF-9831-9BC2477C5526}.Release|Any CPU.Build.0 = Release|Any CPU
	EndGlobalSection
EndGlobal
